
Microsoft Visual Studio Solution File, Format Version 12.00
Project("{FAE04EC0-301F-11D3-BF4B-00C04F79EFBC}") = "APBD-PJATK-Cw3-s29844", "APBD-PJATK-Cw3-s29844.csproj", "{07D2545C-7407-45FC-9398-BD3E1D023664}"
EndProject
Global
	GlobalSection(SolutionConfigurationPlatforms) = preSolution
		Debug|Any CPU = Debug|Any CPU
		Release|Any CPU = Release|Any CPU
	EndGlobalSection
	GlobalSection(ProjectConfigurationPlatforms) = postSolution
		{07D2545C-7407-45FC-9398-BD3E1D023664}.Debug|Any CPU.ActiveCfg = Debug|Any CPU
		{07D2545C-7407-45FC-9398-BD3E1D023664}.Debug|Any CPU.Build.0 = Debug|Any CPU
		{07D2545C-7407-45FC-9398-BD3E1D023664}.Release|Any CPU.ActiveCfg = Release|Any CPU
		{07D2545C-7407-45FC-9398-BD3E1D023664}.Release|Any CPU.Build.0 = Release|Any CPU
	EndGlobalSection
EndGlobal
